# THIS IS AN AUTOGENERATED FILE. DO NOT EDIT THIS FILE DIRECTLY.
# yarn lockfile v1


csv-parse@^5.3.3:
  version "5.3.3"
  resolved "https://registry.yarnpkg.com/csv-parse/-/csv-parse-5.3.3.tgz#3b75d2279e2edb550cbc54c65b25cbbf3d0033ad"
  integrity sha512-kEWkAPleNEdhFNkHQpFHu9RYPogsFj3dx6bCxL847fsiLgidzWg0z/O0B1kVWMJUc5ky64zGp18LX2T3DQrOfw==
